
Microsoft Visual Studio Solution File, Format Version 12.00
# Visual Studio Version 17
VisualStudioVersion = 17.10.35027.167
MinimumVisualStudioVersion = 10.0.40219.1
Project("{9A19103F-16F7-4668-BE54-9A1E7A4F7556}") = "SKAgentLocalFunctionCalling", "LLM\SKAgentLocalFunctionCalling.csproj", "{026F3484-5007-4D18-9FC7-2FCAE04BA4BB}"
EndProject
Project("{9A19103F-16F7-4668-BE54-9A1E7A4F7556}") = "MenuAPI", "MenuAPI\MenuAPI.csproj", "{E6B5078D-BBF5-49B4-B6FC-9F00D514505D}"
EndProject
Global
	GlobalSection(SolutionConfigurationPlatforms) = preSolution
		Debug|Any CPU = Debug|Any CPU
		Release|Any CPU = Release|Any CPU
	EndGlobalSection
	GlobalSection(ProjectConfigurationPlatforms) = postSolution
		{026F3484-5007-4D18-9FC7-2FCAE04BA4BB}.Debug|Any CPU.ActiveCfg = Debug|Any CPU
		{026F3484-5007-4D18-9FC7-2FCAE04BA4BB}.Debug|Any CPU.Build.0 = Debug|Any CPU
		{026F3484-5007-4D18-9FC7-2FCAE04BA4BB}.Release|Any CPU.ActiveCfg = Release|Any CPU
		{026F3484-5007-4D18-9FC7-2FCAE04BA4BB}.Release|Any CPU.Build.0 = Release|Any CPU
		{E6B5078D-BBF5-49B4-B6FC-9F00D514505D}.Debug|Any CPU.ActiveCfg = Debug|Any CPU
		{E6B5078D-BBF5-49B4-B6FC-9F00D514505D}.Debug|Any CPU.Build.0 = Debug|Any CPU
		{E6B5078D-BBF5-49B4-B6FC-9F00D514505D}.Release|Any CPU.ActiveCfg = Release|Any CPU
		{E6B5078D-BBF5-49B4-B6FC-9F00D514505D}.Release|Any CPU.Build.0 = Release|Any CPU
	EndGlobalSection
	GlobalSection(SolutionProperties) = preSolution
		HideSolutionNode = FALSE
	EndGlobalSection
	GlobalSection(ExtensibilityGlobals) = postSolution
		SolutionGuid = {75ECAFB8-5DC4-4889-964A-3357A78A54FE}
	EndGlobalSection
EndGlobal
